// !$*UTF8*$!
{
	archiveVersion = 1;
	classes = {
	};
	objectVersion = 56;
	objects = {

/* Begin PBXBuildFile section */
		69147B402ACB3D230085F173 /* EmojinaryApp.swift in Sources */ = {isa = PBXBuildFile; fileRef = 69147B3F2ACB3D230085F173 /* EmojinaryApp.swift */; };
		69147B422ACB3D230085F173 /* ContentView.swift in Sources */ = {isa = PBXBuildFile; fileRef = 69147B412ACB3D230085F173 /* ContentView.swift */; };
		69147B442ACB3D250085F173 /* Assets.xcassets in Resources */ = {isa = PBXBuildFile; fileRef = 69147B432ACB3D250085F173 /* Assets.xcassets */; };
		69147B472ACB3D250085F173 /* Preview Assets.xcassets in Resources */ = {isa = PBXBuildFile; fileRef = 69147B462ACB3D250085F173 /* Preview Assets.xcassets */; };
		69147B4E2ACB3E5A0085F173 /* DropdownOption.swift in Sources */ = {isa = PBXBuildFile; fileRef = 69147B4D2ACB3E5A0085F173 /* DropdownOption.swift */; };
		69147B502ACB4CC40085F173 /* DropdownOptionElement.swift in Sources */ = {isa = PBXBuildFile; fileRef = 69147B4F2ACB4CC40085F173 /* DropdownOptionElement.swift */; };
		69147B522ACB4D180085F173 /* Dropdown.swift in Sources */ = {isa = PBXBuildFile; fileRef = 69147B512ACB4D180085F173 /* Dropdown.swift */; };
		69147B542ACB4E4F0085F173 /* DropdownButton_Previews.swift in Sources */ = {isa = PBXBuildFile; fileRef = 69147B532ACB4E4F0085F173 /* DropdownButton_Previews.swift */; };
/* End PBXBuildFile section */

/* Begin PBXFileReference section */
		69147B3C2ACB3D230085F173 /* Emojinary.app */ = {isa = PBXFileReference; explicitFileType = wrapper.application; includeInIndex = 0; path = Emojinary.app; sourceTree = BUILT_PRODUCTS_DIR; };
		69147B3F2ACB3D230085F173 /* EmojinaryApp.swift */ = {isa = PBXFileReference; lastKnownFileType = sourcecode.swift; path = EmojinaryApp.swift; sourceTree = "<group>"; };
		69147B412ACB3D230085F173 /* ContentView.swift */ = {isa = PBXFileReference; lastKnownFileType = sourcecode.swift; path = ContentView.swift; sourceTree = "<group>"; };
		69147B432ACB3D250085F173 /* Assets.xcassets */ = {isa = PBXFileReference; lastKnownFileType = folder.assetcatalog; path = Assets.xcassets; sourceTree = "<group>"; };
		69147B462ACB3D250085F173 /* Preview Assets.xcassets */ = {isa = PBXFileReference; lastKnownFileType = folder.assetcatalog; path = "Preview Assets.xcassets"; sourceTree = "<group>"; };
		69147B4D2ACB3E5A0085F173 /* DropdownOption.swift */ = {isa = PBXFileReference; lastKnownFileType = sourcecode.swift; path = DropdownOption.swift; sourceTree = "<group>"; };
		69147B4F2ACB4CC40085F173 /* DropdownOptionElement.swift */ = {isa = PBXFileReference; lastKnownFileType = sourcecode.swift; path = DropdownOptionElement.swift; sourceTree = "<group>"; };
		69147B512ACB4D180085F173 /* Dropdown.swift */ = {isa = PBXFileReference; lastKnownFileType = sourcecode.swift; path = Dropdown.swift; sourceTree = "<group>"; };
		69147B532ACB4E4F0085F173 /* DropdownButton_Previews.swift */ = {isa = PBXFileReference; lastKnownFileType = sourcecode.swift; path = DropdownButton_Previews.swift; sourceTree = "<group>"; };
/* End PBXFileReference section */

/* Begin PBXFrameworksBuildPhase section */
		69147B392ACB3D230085F173 /* Frameworks */ = {
			isa = PBXFrameworksBuildPhase;
			buildActionMask = 2147483647;
			files = (
			);
			runOnlyForDeploymentPostprocessing = 0;
		};
/* End PBXFrameworksBuildPhase section */

/* Begin PBXGroup section */
		69147B332ACB3D230085F173 = {
			isa = PBXGroup;
			children = (
				69147B3E2ACB3D230085F173 /* Emojinary */,
				69147B3D2ACB3D230085F173 /* Products */,
			);
			sourceTree = "<group>";
		};
		69147B3D2ACB3D230085F173 /* Products */ = {
			isa = PBXGroup;
			children = (
				69147B3C2ACB3D230085F173 /* Emojinary.app */,
			);
			name = Products;
			sourceTree = "<group>";
		};
		69147B3E2ACB3D230085F173 /* Emojinary */ = {
			isa = PBXGroup;
			children = (
				69147B3F2ACB3D230085F173 /* EmojinaryApp.swift */,
				69147B412ACB3D230085F173 /* ContentView.swift */,
				69147B4D2ACB3E5A0085F173 /* DropdownOption.swift */,
				69147B4F2ACB4CC40085F173 /* DropdownOptionElement.swift */,
				69147B512ACB4D180085F173 /* Dropdown.swift */,
				69147B532ACB4E4F0085F173 /* DropdownButton_Previews.swift */,
				69147B432ACB3D250085F173 /* Assets.xcassets */,
				69147B452ACB3D250085F173 /* Preview Content */,
			);
			path = Emojinary;
			sourceTree = "<group>";
		};
		69147B452ACB3D250085F173 /* Preview Content */ = {
			isa = PBXGroup;
			children = (
				69147B462ACB3D250085F173 /* Preview Assets.xcassets */,
			);
			path = "Preview Content";
			sourceTree = "<group>";
		};
/* End PBXGroup section */

/* Begin PBXNativeTarget section */
		69147B3B2ACB3D230085F173 /* Emojinary */ = {
			isa = PBXNativeTarget;
			buildConfigurationList = 69147B4A2ACB3D250085F173 /* Build configuration list for PBXNativeTarget "Emojinary" */;
			buildPhases = (
				69147B382ACB3D230085F173 /* Sources */,
				69147B392ACB3D230085F173 /* Frameworks */,
				69147B3A2ACB3D230085F173 /* Resources */,
			);
			buildRules = (
			);
			dependencies = (
			);
			name = Emojinary;
			productName = Emojinary;
			productReference = 69147B3C2ACB3D230085F173 /* Emojinary.app */;
			productType = "com.apple.product-type.application";
		};
/* End PBXNativeTarget section */

/* Begin PBXProject section */
		69147B342ACB3D230085F173 /* Project object */ = {
			isa = PBXProject;
			attributes = {
				BuildIndependentTargetsInParallel = 1;
				LastSwiftUpdateCheck = 1500;
				LastUpgradeCheck = 1500;
				TargetAttributes = {
					69147B3B2ACB3D230085F173 = {
						CreatedOnToolsVersion = 15.0;
					};
				};
			};
			buildConfigurationList = 69147B372ACB3D230085F173 /* Build configuration list for PBXProject "Emojinary" */;
			compatibilityVersion = "Xcode 14.0";
			developmentRegion = en;
			hasScannedForEncodings = 0;
			knownRegions = (
				en,
				Base,
			);
			mainGroup = 69147B332ACB3D230085F173;
			productRefGroup = 69147B3D2ACB3D230085F173 /* Products */;
			projectDirPath = "";
			projectRoot = "";
			targets = (
				69147B3B2ACB3D230085F173 /* Emojinary */,
			);
		};
/* End PBXProject section */

/* Begin PBXResourcesBuildPhase section */
		69147B3A2ACB3D230085F173 /* Resources */ = {
			isa = PBXResourcesBuildPhase;
			buildActionMask = 2147483647;
			files = (
				69147B472ACB3D250085F173 /* Preview Assets.xcassets in Resources */,
				69147B442ACB3D250085F173 /* Assets.xcassets in Resources */,
			);
			runOnlyForDeploymentPostprocessing = 0;
		};
/* End PBXResourcesBuildPhase section */

/* Begin PBXSourcesBuildPhase section */
		69147B382ACB3D230085F173 /* Sources */ = {
			isa = PBXSourcesBuildPhase;
			buildActionMask = 2147483647;
			files = (
				69147B422ACB3D230085F173 /* ContentView.swift in Sources */,
				69147B4E2ACB3E5A0085F173 /* DropdownOption.swift in Sources */,
				69147B502ACB4CC40085F173 /* DropdownOptionElement.swift in Sources */,
				69147B542ACB4E4F0085F173 /* DropdownButton_Previews.swift in Sources */,
				69147B522ACB4D180085F173 /* Dropdown.swift in Sources */,
				69147B402ACB3D230085F173 /* EmojinaryApp.swift in Sources */,
			);
			runOnlyForDeploymentPostprocessing = 0;
		};
/* End PBXSourcesBuildPhase section */

/* Begin XCBuildConfiguration section */
		69147B482ACB3D250085F173 /* Debug */ = {
			isa = XCBuildConfiguration;
			buildSettings = {
				ALWAYS_SEARCH_USER_PATHS = NO;
				ASSETCATALOG_COMPILER_GENERATE_SWIFT_ASSET_SYMBOL_EXTENSIONS = YES;
				CLANG_ANALYZER_NONNULL = YES;
				CLANG_ANALYZER_NUMBER_OBJECT_CONVERSION = YES_AGGRESSIVE;
				CLANG_CXX_LANGUAGE_STANDARD = "gnu++20";
				CLANG_ENABLE_MODULES = YES;
				CLANG_ENABLE_OBJC_ARC = YES;
				CLANG_ENABLE_OBJC_WEAK = YES;
				CLANG_WARN_BLOCK_CAPTURE_AUTORELEASING = YES;
				CLANG_WARN_BOOL_CONVERSION = YES;
				CLANG_WARN_COMMA = YES;
				CLANG_WARN_CONSTANT_CONVERSION = YES;
				CLANG_WARN_DEPRECATED_OBJC_IMPLEMENTATIONS = YES;
				CLANG_WARN_DIRECT_OBJC_ISA_USAGE = YES_ERROR;
				CLANG_WARN_DOCUMENTATION_COMMENTS = YES;
				CLANG_WARN_EMPTY_BODY = YES;
				CLANG_WARN_ENUM_CONVERSION = YES;
				CLANG_WARN_INFINITE_RECURSION = YES;
				CLANG_WARN_INT_CONVERSION = YES;
				CLANG_WARN_NON_LITERAL_NULL_CONVERSION = YES;
				CLANG_WARN_OBJC_IMPLICIT_RETAIN_SELF = YES;
				CLANG_WARN_OBJC_LITERAL_CONVERSION = YES;
				CLANG_WARN_OBJC_ROOT_CLASS = YES_ERROR;
				CLANG_WARN_QUOTED_INCLUDE_IN_FRAMEWORK_HEADER = YES;
				CLANG_WARN_RANGE_LOOP_ANALYSIS = YES;
				CLANG_WARN_STRICT_PROTOTYPES = YES;
				CLANG_WARN_SUSPICIOUS_MOVE = YES;
				CLANG_WARN_UNGUARDED_AVAILABILITY = YES_AGGRESSIVE;
				CLANG_WARN_UNREACHABLE_CODE = YES;
				CLANG_WARN__DUPLICATE_METHOD_MATCH = YES;
				COPY_PHASE_STRIP = NO;
				DEBUG_INFORMATION_FORMAT = dwarf;
				ENABLE_STRICT_OBJC_MSGSEND = YES;
				ENABLE_TESTABILITY = YES;
				ENABLE_USER_SCRIPT_SANDBOXING = YES;
				GCC_C_LANGUAGE_STANDARD = gnu17;
				GCC_DYNAMIC_NO_PIC = NO;
				GCC_NO_COMMON_BLOCKS = YES;
				GCC_OPTIMIZATION_LEVEL = 0;
				GCC_PREPROCESSOR_DEFINITIONS = (
					"DEBUG=1",
					"$(inherited)",
				);
				GCC_WARN_64_TO_32_BIT_CONVERSION = YES;
				GCC_WARN_ABOUT_RETURN_TYPE = YES_ERROR;
				GCC_WARN_UNDECLARED_SELECTOR = YES;
				GCC_WARN_UNINITIALIZED_AUTOS = YES_AGGRESSIVE;
				GCC_WARN_UNUSED_FUNCTION = YES;
				GCC_WARN_UNUSED_VARIABLE = YES;
				IPHONEOS_DEPLOYMENT_TARGET = 17.0;
				LOCALIZATION_PREFERS_STRING_CATALOGS = YES;
				MTL_ENABLE_DEBUG_INFO = INCLUDE_SOURCE;
				MTL_FAST_MATH = YES;
				ONLY_ACTIVE_ARCH = YES;
				SDKROOT = iphoneos;
				SWIFT_ACTIVE_COMPILATION_CONDITIONS = "DEBUG $(inherited)";
				SWIFT_OPTIMIZATION_LEVEL = "-Onone";
			};
			name = Debug;
		};
		69147B492ACB3D250085F173 /* Release */ = {
			isa = XCBuildConfiguration;
			buildSettings = {
				ALWAYS_SEARCH_USER_PATHS = NO;
				ASSETCATALOG_COMPILER_GENERATE_SWIFT_ASSET_SYMBOL_EXTENSIONS = YES;
				CLANG_ANALYZER_NONNULL = YES;
				CLANG_ANALYZER_NUMBER_OBJECT_CONVERSION = YES_AGGRESSIVE;
				CLANG_CXX_LANGUAGE_STANDARD = "gnu++20";
				CLANG_ENABLE_MODULES = YES;
				CLANG_ENABLE_OBJC_ARC = YES;
				CLANG_ENABLE_OBJC_WEAK = YES;
				CLANG_WARN_BLOCK_CAPTURE_AUTORELEASING = YES;
				CLANG_WARN_BOOL_CONVERSION = YES;
				CLANG_WARN_COMMA = YES;
				CLANG_WARN_CONSTANT_CONVERSION = YES;
				CLANG_WARN_DEPRECATED_OBJC_IMPLEMENTATIONS = YES;
				CLANG_WARN_DIRECT_OBJC_ISA_USAGE = YES_ERROR;
				CLANG_WARN_DOCUMENTATION_COMMENTS = YES;
				CLANG_WARN_EMPTY_BODY = YES;
				CLANG_WARN_ENUM_CONVERSION = YES;
				CLANG_WARN_INFINITE_RECURSION = YES;
				CLANG_WARN_INT_CONVERSION = YES;
				CLANG_WARN_NON_LITERAL_NULL_CONVERSION = YES;
				CLANG_WARN_OBJC_IMPLICIT_RETAIN_SELF = YES;
				CLANG_WARN_OBJC_LITERAL_CONVERSION = YES;
				CLANG_WARN_OBJC_ROOT_CLASS = YES_ERROR;
				CLANG_WARN_QUOTED_INCLUDE_IN_FRAMEWORK_HEADER = YES;
				CLANG_WARN_RANGE_LOOP_ANALYSIS = YES;
				CLANG_WARN_STRICT_PROTOTYPES = YES;
				CLANG_WARN_SUSPICIOUS_MOVE = YES;
				CLANG_WARN_UNGUARDED_AVAILABILITY = YES_AGGRESSIVE;
				CLANG_WARN_UNREACHABLE_CODE = YES;
				CLANG_WARN__DUPLICATE_METHOD_MATCH = YES;
				COPY_PHASE_STRIP = NO;
				DEBUG_INFORMATION_FORMAT = "dwarf-with-dsym";
				ENABLE_NS_ASSERTIONS = NO;
				ENABLE_STRICT_OBJC_MSGSEND = YES;
				ENABLE_USER_SCRIPT_SANDBOXING = YES;
				GCC_C_LANGUAGE_STANDARD = gnu17;
				GCC_NO_COMMON_BLOCKS = YES;
				GCC_WARN_64_TO_32_BIT_CONVERSION = YES;
				GCC_WARN_ABOUT_RETURN_TYPE = YES_ERROR;
				GCC_WARN_UNDECLARED_SELECTOR = YES;
				GCC_WARN_UNINITIALIZED_AUTOS = YES_AGGRESSIVE;
				GCC_WARN_UNUSED_FUNCTION = YES;
				GCC_WARN_UNUSED_VARIABLE = YES;
				IPHONEOS_DEPLOYMENT_TARGET = 17.0;
				LOCALIZATION_PREFERS_STRING_CATALOGS = YES;
				MTL_ENABLE_DEBUG_INFO = NO;
				MTL_FAST_MATH = YES;
				SDKROOT = iphoneos;
				SWIFT_COMPILATION_MODE = wholemodule;
				VALIDATE_PRODUCT = YES;
			};
			name = Release;
		};
		69147B4B2ACB3D250085F173 /* Debug */ = {
			isa = XCBuildConfiguration;
			buildSettings = {
				ASSETCATALOG_COMPILER_APPICON_NAME = AppIcon;
				ASSETCATALOG_COMPILER_GLOBAL_ACCENT_COLOR_NAME = AccentColor;
				CODE_SIGN_STYLE = Automatic;
				CURRENT_PROJECT_VERSION = 1;
				DEVELOPMENT_ASSET_PATHS = "\"Emojinary/Preview Content\"";
				ENABLE_PREVIEWS = YES;
				GENERATE_INFOPLIST_FILE = YES;
				INFOPLIST_KEY_UIApplicationSceneManifest_Generation = YES;
				INFOPLIST_KEY_UIApplicationSupportsIndirectInputEvents = YES;
				INFOPLIST_KEY_UILaunchScreen_Generation = YES;
				INFOPLIST_KEY_UISupportedInterfaceOrientations_iPad = "UIInterfaceOrientationPortrait UIInterfaceOrientationPortraitUpsideDown UIInterfaceOrientationLandscapeLeft UIInterfaceOrientationLandscapeRight";
				INFOPLIST_KEY_UISupportedInterfaceOrientations_iPhone = "UIInterfaceOrientationPortrait UIInterfaceOrientationLandscapeLeft UIInterfaceOrientationLandscapeRight";
				LD_RUNPATH_SEARCH_PATHS = (
					"$(inherited)",
					"@executable_path/Frameworks",
				);
				MARKETING_VERSION = 1.0;
				PRODUCT_BUNDLE_IDENTIFIER = com.example.Emojinary;
				PRODUCT_NAME = "$(TARGET_NAME)";
				SWIFT_EMIT_LOC_STRINGS = YES;
				SWIFT_VERSION = 5.0;
				TARGETED_DEVICE_FAMILY = "1,2";
			};
			name = Debug;
		};
		69147B4C2ACB3D250085F173 /* Release */ = {
			isa = XCBuildConfiguration;
			buildSettings = {
				ASSETCATALOG_COMPILER_APPICON_NAME = AppIcon;
				ASSETCATALOG_COMPILER_GLOBAL_ACCENT_COLOR_NAME = AccentColor;
				CODE_SIGN_STYLE = Automatic;
				CURRENT_PROJECT_VERSION = 1;
				DEVELOPMENT_ASSET_PATHS = "\"Emojinary/Preview Content\"";
				ENABLE_PREVIEWS = YES;
				GENERATE_INFOPLIST_FILE = YES;
				INFOPLIST_KEY_UIApplicationSceneManifest_Generation = YES;
				INFOPLIST_KEY_UIApplicationSupportsIndirectInputEvents = YES;
				INFOPLIST_KEY_UILaunchScreen_Generation = YES;
				INFOPLIST_KEY_UISupportedInterfaceOrientations_iPad = "UIInterfaceOrientationPortrait UIInterfaceOrientationPortraitUpsideDown UIInterfaceOrientationLandscapeLeft UIInterfaceOrientationLandscapeRight";
				INFOPLIST_KEY_UISupportedInterfaceOrientations_iPhone = "UIInterfaceOrientationPortrait UIInterfaceOrientationLandscapeLeft UIInterfaceOrientationLandscapeRight";
				LD_RUNPATH_SEARCH_PATHS = (
					"$(inherited)",
					"@executable_path/Frameworks",
				);
				MARKETING_VERSION = 1.0;
				PRODUCT_BUNDLE_IDENTIFIER = com.example.Emojinary;
				PRODUCT_NAME = "$(TARGET_NAME)";
				SWIFT_EMIT_LOC_STRINGS = YES;
				SWIFT_VERSION = 5.0;
				TARGETED_DEVICE_FAMILY = "1,2";
			};
			name = Release;
		};
/* End XCBuildConfiguration section */

/* Begin XCConfigurationList section */
		69147B372ACB3D230085F173 /* Build configuration list for PBXProject "Emojinary" */ = {
			isa = XCConfigurationList;
			buildConfigurations = (
				69147B482ACB3D250085F173 /* Debug */,
				69147B492ACB3D250085F173 /* Release */,
			);
			defaultConfigurationIsVisible = 0;
			defaultConfigurationName = Release;
		};
		69147B4A2ACB3D250085F173 /* Build configuration list for PBXNativeTarget "Emojinary" */ = {
			isa = XCConfigurationList;
			buildConfigurations = (
				69147B4B2ACB3D250085F173 /* Debug */,
				69147B4C2ACB3D250085F173 /* Release */,
			);
			defaultConfigurationIsVisible = 0;
			defaultConfigurationName = Release;
		};
/* End XCConfigurationList section */
	};
	rootObject = 69147B342ACB3D230085F173 /* Project object */;
}
